
Microsoft Visual Studio Solution File, Format Version 12.00
# Visual Studio 15
Project("{FAE04EC0-301F-11D3-BF4B-00C04F79EFBC}") = "NavMeshComponentsTestsPlaymode", "NavMeshComponentsTestsPlaymode.csproj", "{42E14AED-FD3A-7AA5-3C9F-A3941C9DE8F7}"
EndProject
Project("{FAE04EC0-301F-11D3-BF4B-00C04F79EFBC}") = "CFXRDemo", "CFXRDemo.csproj", "{D4A63C40-1FE8-386D-71FA-281698A20AEC}"
EndProject
Project("{FAE04EC0-301F-11D3-BF4B-00C04F79EFBC}") = "Assembly-CSharp", "Assembly-CSharp.csproj", "{D8DE4648-62ED-BEB9-7278-918637A68A47}"
EndProject
Project("{FAE04EC0-301F-11D3-BF4B-00C04F79EFBC}") = "NavMeshComponentsExamples", "NavMeshComponentsExamples.csproj", "{4831A1D7-7242-85B1-12B9-B22A87B6A688}"
EndProject
Project("{FAE04EC0-301F-11D3-BF4B-00C04F79EFBC}") = "CFXRRuntime", "CFXRRuntime.csproj", "{F67C8FD7-8F1F-FCF6-0325-0BCFBF137695}"
EndProject
Project("{FAE04EC0-301F-11D3-BF4B-00C04F79EFBC}") = "NavMeshComponents", "NavMeshComponents.csproj", "{00540126-F610-0410-3CAA-AD05B3BC6242}"
EndProject
Project("{FAE04EC0-301F-11D3-BF4B-00C04F79EFBC}") = "KinoBloom.Runtime", "KinoBloom.Runtime.csproj", "{7D5FBD84-8549-94B2-8935-0FAAF78BBF4C}"
EndProject
Project("{FAE04EC0-301F-11D3-BF4B-00C04F79EFBC}") = "CFXREditor", "CFXREditor.csproj", "{D994DD7F-BB13-83BB-2E74-1B56B908F4D3}"
EndProject
Project("{FAE04EC0-301F-11D3-BF4B-00C04F79EFBC}") = "Assembly-CSharp-Editor", "Assembly-CSharp-Editor.csproj", "{C6E41830-0137-D191-752F-CADBEA862A18}"
EndProject
Project("{FAE04EC0-301F-11D3-BF4B-00C04F79EFBC}") = "NavMeshComponentsTestsEditmode", "NavMeshComponentsTestsEditmode.csproj", "{2227CC1A-A2AD-A453-52EA-73AE397F1ABD}"
EndProject
Project("{FAE04EC0-301F-11D3-BF4B-00C04F79EFBC}") = "CFXR.WelcomeScreen", "CFXR.WelcomeScreen.csproj", "{122EC803-1CED-188E-7658-66A3580F9457}"
EndProject
Project("{FAE04EC0-301F-11D3-BF4B-00C04F79EFBC}") = "NavMeshComponentsEditor", "NavMeshComponentsEditor.csproj", "{73C289CC-5CFE-0B5B-9717-757A5D87DAE7}"
EndProject
Project("{FAE04EC0-301F-11D3-BF4B-00C04F79EFBC}") = "ToonyColorsPro.Demo.Editor", "ToonyColorsPro.Demo.Editor.csproj", "{857B182B-DEB1-DDB5-BE1F-8F3688AFA241}"
EndProject
Project("{FAE04EC0-301F-11D3-BF4B-00C04F79EFBC}") = "NavMeshComponentsExamplesEditor", "NavMeshComponentsExamplesEditor.csproj", "{7ABE02B1-18EA-B06E-5862-AC191855C2CD}"
EndProject
Global
	GlobalSection(SolutionConfigurationPlatforms) = preSolution
		Debug|Any CPU = Debug|Any CPU
		Release|Any CPU = Release|Any CPU
	EndGlobalSection
	GlobalSection(ProjectConfigurationPlatforms) = postSolution
		{42E14AED-FD3A-7AA5-3C9F-A3941C9DE8F7}.Debug|Any CPU.ActiveCfg = Debug|Any CPU
		{42E14AED-FD3A-7AA5-3C9F-A3941C9DE8F7}.Debug|Any CPU.Build.0 = Debug|Any CPU
		{42E14AED-FD3A-7AA5-3C9F-A3941C9DE8F7}.Release|Any CPU.ActiveCfg = Release|Any CPU
		{42E14AED-FD3A-7AA5-3C9F-A3941C9DE8F7}.Release|Any CPU.Build.0 = Release|Any CPU
		{D4A63C40-1FE8-386D-71FA-281698A20AEC}.Debug|Any CPU.ActiveCfg = Debug|Any CPU
		{D4A63C40-1FE8-386D-71FA-281698A20AEC}.Debug|Any CPU.Build.0 = Debug|Any CPU
		{D4A63C40-1FE8-386D-71FA-281698A20AEC}.Release|Any CPU.ActiveCfg = Release|Any CPU
		{D4A63C40-1FE8-386D-71FA-281698A20AEC}.Release|Any CPU.Build.0 = Release|Any CPU
		{D8DE4648-62ED-BEB9-7278-918637A68A47}.Debug|Any CPU.ActiveCfg = Debug|Any CPU
		{D8DE4648-62ED-BEB9-7278-918637A68A47}.Debug|Any CPU.Build.0 = Debug|Any CPU
		{D8DE4648-62ED-BEB9-7278-918637A68A47}.Release|Any CPU.ActiveCfg = Release|Any CPU
		{D8DE4648-62ED-BEB9-7278-918637A68A47}.Release|Any CPU.Build.0 = Release|Any CPU
		{4831A1D7-7242-85B1-12B9-B22A87B6A688}.Debug|Any CPU.ActiveCfg = Debug|Any CPU
		{4831A1D7-7242-85B1-12B9-B22A87B6A688}.Debug|Any CPU.Build.0 = Debug|Any CPU
		{4831A1D7-7242-85B1-12B9-B22A87B6A688}.Release|Any CPU.ActiveCfg = Release|Any CPU
		{4831A1D7-7242-85B1-12B9-B22A87B6A688}.Release|Any CPU.Build.0 = Release|Any CPU
		{F67C8FD7-8F1F-FCF6-0325-0BCFBF137695}.Debug|Any CPU.ActiveCfg = Debug|Any CPU
		{F67C8FD7-8F1F-FCF6-0325-0BCFBF137695}.Debug|Any CPU.Build.0 = Debug|Any CPU
		{F67C8FD7-8F1F-FCF6-0325-0BCFBF137695}.Release|Any CPU.ActiveCfg = Release|Any CPU
		{F67C8FD7-8F1F-FCF6-0325-0BCFBF137695}.Release|Any CPU.Build.0 = Release|Any CPU
		{00540126-F610-0410-3CAA-AD05B3BC6242}.Debug|Any CPU.ActiveCfg = Debug|Any CPU
		{00540126-F610-0410-3CAA-AD05B3BC6242}.Debug|Any CPU.Build.0 = Debug|Any CPU
		{00540126-F610-0410-3CAA-AD05B3BC6242}.Release|Any CPU.ActiveCfg = Release|Any CPU
		{00540126-F610-0410-3CAA-AD05B3BC6242}.Release|Any CPU.Build.0 = Release|Any CPU
		{7D5FBD84-8549-94B2-8935-0FAAF78BBF4C}.Debug|Any CPU.ActiveCfg = Debug|Any CPU
		{7D5FBD84-8549-94B2-8935-0FAAF78BBF4C}.Debug|Any CPU.Build.0 = Debug|Any CPU
		{7D5FBD84-8549-94B2-8935-0FAAF78BBF4C}.Release|Any CPU.ActiveCfg = Release|Any CPU
		{7D5FBD84-8549-94B2-8935-0FAAF78BBF4C}.Release|Any CPU.Build.0 = Release|Any CPU
		{D994DD7F-BB13-83BB-2E74-1B56B908F4D3}.Debug|Any CPU.ActiveCfg = Debug|Any CPU
		{D994DD7F-BB13-83BB-2E74-1B56B908F4D3}.Debug|Any CPU.Build.0 = Debug|Any CPU
		{D994DD7F-BB13-83BB-2E74-1B56B908F4D3}.Release|Any CPU.ActiveCfg = Release|Any CPU
		{D994DD7F-BB13-83BB-2E74-1B56B908F4D3}.Release|Any CPU.Build.0 = Release|Any CPU
		{C6E41830-0137-D191-752F-CADBEA862A18}.Debug|Any CPU.ActiveCfg = Debug|Any CPU
		{C6E41830-0137-D191-752F-CADBEA862A18}.Debug|Any CPU.Build.0 = Debug|Any CPU
		{C6E41830-0137-D191-752F-CADBEA862A18}.Release|Any CPU.ActiveCfg = Release|Any CPU
		{C6E41830-0137-D191-752F-CADBEA862A18}.Release|Any CPU.Build.0 = Release|Any CPU
		{2227CC1A-A2AD-A453-52EA-73AE397F1ABD}.Debug|Any CPU.ActiveCfg = Debug|Any CPU
		{2227CC1A-A2AD-A453-52EA-73AE397F1ABD}.Debug|Any CPU.Build.0 = Debug|Any CPU
		{2227CC1A-A2AD-A453-52EA-73AE397F1ABD}.Release|Any CPU.ActiveCfg = Release|Any CPU
		{2227CC1A-A2AD-A453-52EA-73AE397F1ABD}.Release|Any CPU.Build.0 = Release|Any CPU
		{122EC803-1CED-188E-7658-66A3580F9457}.Debug|Any CPU.ActiveCfg = Debug|Any CPU
		{122EC803-1CED-188E-7658-66A3580F9457}.Debug|Any CPU.Build.0 = Debug|Any CPU
		{122EC803-1CED-188E-7658-66A3580F9457}.Release|Any CPU.ActiveCfg = Release|Any CPU
		{122EC803-1CED-188E-7658-66A3580F9457}.Release|Any CPU.Build.0 = Release|Any CPU
		{73C289CC-5CFE-0B5B-9717-757A5D87DAE7}.Debug|Any CPU.ActiveCfg = Debug|Any CPU
		{73C289CC-5CFE-0B5B-9717-757A5D87DAE7}.Debug|Any CPU.Build.0 = Debug|Any CPU
		{73C289CC-5CFE-0B5B-9717-757A5D87DAE7}.Release|Any CPU.ActiveCfg = Release|Any CPU
		{73C289CC-5CFE-0B5B-9717-757A5D87DAE7}.Release|Any CPU.Build.0 = Release|Any CPU
		{857B182B-DEB1-DDB5-BE1F-8F3688AFA241}.Debug|Any CPU.ActiveCfg = Debug|Any CPU
		{857B182B-DEB1-DDB5-BE1F-8F3688AFA241}.Debug|Any CPU.Build.0 = Debug|Any CPU
		{857B182B-DEB1-DDB5-BE1F-8F3688AFA241}.Release|Any CPU.ActiveCfg = Release|Any CPU
		{857B182B-DEB1-DDB5-BE1F-8F3688AFA241}.Release|Any CPU.Build.0 = Release|Any CPU
		{7ABE02B1-18EA-B06E-5862-AC191855C2CD}.Debug|Any CPU.ActiveCfg = Debug|Any CPU
		{7ABE02B1-18EA-B06E-5862-AC191855C2CD}.Debug|Any CPU.Build.0 = Debug|Any CPU
		{7ABE02B1-18EA-B06E-5862-AC191855C2CD}.Release|Any CPU.ActiveCfg = Release|Any CPU
		{7ABE02B1-18EA-B06E-5862-AC191855C2CD}.Release|Any CPU.Build.0 = Release|Any CPU
	EndGlobalSection
	GlobalSection(SolutionProperties) = preSolution
		HideSolutionNode = FALSE
	EndGlobalSection
EndGlobal
